
Microsoft Visual Studio Solution File, Format Version 12.00
# Visual Studio Version 16
VisualStudioVersion = 16.0.30114.105
MinimumVisualStudioVersion = 10.0.40219.1
Project("{FAE04EC0-301F-11D3-BF4B-00C04F79EFBC}") = "BatteryStatus", "BatteryStatus\BatteryStatus.csproj", "{1EE0A11F-F2EF-47D9-9B30-FD1F7C5AFE1C}"
EndProject
Global
	GlobalSection(SolutionConfigurationPlatforms) = preSolution
		Debug|Any CPU = Debug|Any CPU
		Release|Any CPU = Release|Any CPU
	EndGlobalSection
	GlobalSection(ProjectConfigurationPlatforms) = postSolution
		{1EE0A11F-F2EF-47D9-9B30-FD1F7C5AFE1C}.Debug|Any CPU.ActiveCfg = Debug|Any CPU
		{1EE0A11F-F2EF-47D9-9B30-FD1F7C5AFE1C}.Debug|Any CPU.Build.0 = Debug|Any CPU
		{1EE0A11F-F2EF-47D9-9B30-FD1F7C5AFE1C}.Release|Any CPU.ActiveCfg = Release|Any CPU
		{1EE0A11F-F2EF-47D9-9B30-FD1F7C5AFE1C}.Release|Any CPU.Build.0 = Release|Any CPU
	EndGlobalSection
	GlobalSection(SolutionProperties) = preSolution
		HideSolutionNode = FALSE
	EndGlobalSection
	GlobalSection(ExtensibilityGlobals) = postSolution
		SolutionGuid = {00A9AAA2-179C-4111-B5F8-4AB6B56D3AAE}
	EndGlobalSection
EndGlobal
